{
  "name": "atmos",
  "lockfileVersion": 2,
  "requires": true,
  "packages": {
    "": {
      "dependencies": {
        "posthog-docusaurus": "^2.0.4"
      }
    },
    "node_modules/posthog-docusaurus": {
      "version": "2.0.4",
      "resolved": "https://registry.npmjs.org/posthog-docusaurus/-/posthog-docusaurus-2.0.4.tgz",
      "integrity": "sha512-xnEVCBovSuvQvYXGny03CDTc0yZCl7O3Mz21sJpXmE1Gvs21gM33WzWaA9Cm6WvWGYZtQy8t8/g8OjCkmTWlXA==",
      "license": "MIT",
      "engines": {
        "node": ">=10.15.1"
      }
    }
  },
  "dependencies": {
    "posthog-docusaurus": {
      "version": "2.0.4",
      "resolved": "https://registry.npmjs.org/posthog-docusaurus/-/posthog-docusaurus-2.0.4.tgz",
      "integrity": "sha512-xnEVCBovSuvQvYXGny03CDTc0yZCl7O3Mz21sJpXmE1Gvs21gM33WzWaA9Cm6WvWGYZtQy8t8/g8OjCkmTWlXA=="
    }
  }
}
