version: 1
artifacts:
  6bf310935f9c7e57f72ad5203fc3ee18795c09a9d7b89700373d96ad0e1f3313:
    name: ipinfo
    kind: remote
    target: components/terraform/ipinfo/main
    source:
      declared: github.com/cloudposse/atmos.git//examples/demo-library/ipinfo
      resolved: github.com/cloudposse/atmos.git//examples/demo-library/ipinfo
      digest: sha256:d28d6b016ee31953842d4aaa3f6a37a1e8bfd54cdcb6baa4598b75cbd2705bb4
    files:
      - path: README.md
        type: file
        mode: 420
        sha256: 70a91df02cd977fcb44a7e618262e98f9b760217f33836d74df23b649a9d82f7
      - path: main.tf
        type: file
        mode: 420
        sha256: 3de9eae6b3242a7121c2634587320de73606793b380fbf630dead9ddf5e00382
      - path: outputs.tf
        type: file
        mode: 420
        sha256: d6399ab44bef41bded9c4cce82e5a106496249d67d2bf9be7f86dc69cd79de28
      - path: providers.tf
        type: file
        mode: 420
        sha256: 29ede873e592fc9e55217da43bfd9560ad320d9417ee5b1679b314546b8e1adb
      - path: variables.tf
        type: file
        mode: 420
        sha256: 10b917f4b5ec740bba3ce94870763786a6a59e164c7a3ef455325bdf417c460c
      - path: versions.tf
        type: file
        mode: 420
        sha256: 7aa8ac7b6ae680ea6328e0416d2ca3f346f1092c4559d8538da41c64d3ffac9c
    order: 3
  0455b89b090dd930e78d63646fd4176b302c22200d90a332e232d1d0763b35cd:
    name: github/stargazers
    kind: remote
    target: components/terraform/github/stargazers/main
    source:
      declared: github.com/cloudposse/atmos.git//examples/demo-library/github/stargazers
      resolved: github.com/cloudposse/atmos.git//examples/demo-library/github/stargazers
      digest: sha256:3d1e1c012bee1308c79fd1e591bbb98cf25f691504c99264a1e381aec6017f9d
    files:
      - path: README.md
        type: file
        mode: 420
        sha256: 9e878cb50de79284fc45569e6348412a5a31fb5516a97d46c9a6a6ecc6bb32e7
      - path: main.tf
        type: file
        mode: 420
        sha256: 353d5ae2689e64b7db8265fec0d28a90efbe3fb4451c5d1e6dc5ff48c2d86c21
      - path: outputs.tf
        type: file
        mode: 420
        sha256: 216eda29de1883b805b7969664f9877590f1929213f1609746cf4c8ee791dbde
      - path: providers.tf
        type: file
        mode: 420
        sha256: 006d6c497c77bec286ddcb25dd1ddc8afa3bec243e1dea0378cbe866156e715f
      - path: variables.tf
        type: file
        mode: 420
        sha256: f84e07819aaaa91ab1252d9f16f9b558a96ccaf144e0c186121b395fee312b44
      - path: versions.tf
        type: file
        mode: 420
        sha256: 7aa8ac7b6ae680ea6328e0416d2ca3f346f1092c4559d8538da41c64d3ffac9c
    order: 1
    included_paths:
      - '**/*.tf'
      - '**/*.tfvars'
      - '**/*.md'
  f7574ed33f764b2dd6b1915b9627a6fb33d22d151d6bff2938e6a857a7a4c804:
    name: weather
    kind: remote
    target: components/terraform/weather/main
    source:
      declared: github.com/cloudposse/atmos.git//examples/demo-library/weather
      resolved: github.com/cloudposse/atmos.git//examples/demo-library/weather
      digest: sha256:d3bc0d14fc696a9261b987cba8874f623f4ccbb217942d1b10ec4f64c8db3ef0
    files:
      - path: README.md
        type: file
        mode: 420
        sha256: 9ba0537339c17c3d392fc78f1ed8acf7a23266aee0189244a03c8102b483859f
      - path: main.tf
        type: file
        mode: 420
        sha256: 66cd3a7bab30cbd67a91807dd2ed9207e28e309d678961f5b41ff3a7b1bce2bb
      - path: outputs.tf
        type: file
        mode: 420
        sha256: d9d075904c7e0fc358f586d561106956e41a46180aae325c369ee271c029e5c0
      - path: providers.tf
        type: file
        mode: 420
        sha256: 29ede873e592fc9e55217da43bfd9560ad320d9417ee5b1679b314546b8e1adb
      - path: variables.tf
        type: file
        mode: 420
        sha256: e8a805ebcb0d22e4f08bf00de44f173aab8a4ad865a9eed4771677beaf159018
      - path: versions.tf
        type: file
        mode: 420
        sha256: 7aa8ac7b6ae680ea6328e0416d2ca3f346f1092c4559d8538da41c64d3ffac9c
    order: 2
